
Microsoft Visual Studio Solution File, Format Version 12.00
# Visual Studio Version 16
VisualStudioVersion = 16.0.31613.86
MinimumVisualStudioVersion = 10.0.40219.1
Project("{2150E333-8FDC-42A3-9474-1A3956D46DE8}") = "Services", "Services", "{40E7561A-4D53-4F43-9BF8-3E438731A55A}"
EndProject
Project("{2150E333-8FDC-42A3-9474-1A3956D46DE8}") = "Catalog", "Catalog", "{B7578C5A-82E1-4C26-B04B-C9186F936DC2}"
EndProject
Project("{9A19103F-16F7-4668-BE54-9A1E7A4F7556}") = "Catalog.API", "Services\Catalog\Catalog.API\Catalog.API.csproj", "{02C457EB-59DA-463F-A782-E812590793DF}"
EndProject
Project("{E53339B2-1760-4266-BCC7-CA923CBCF16C}") = "docker-compose", "docker-compose.dcproj", "{C24980FB-F0CC-481B-8461-4A078078AB86}"
EndProject
Project("{2150E333-8FDC-42A3-9474-1A3956D46DE8}") = "Basket", "Basket", "{34D863A8-5F22-4B7A-8656-6717C9435CC4}"
EndProject
Project("{9A19103F-16F7-4668-BE54-9A1E7A4F7556}") = "Basket.API", "Services\Basket\Basket.API\Basket.API.csproj", "{CD8B98E3-8104-4C9A-B2ED-6C365D9EE438}"
EndProject
Project("{2150E333-8FDC-42A3-9474-1A3956D46DE8}") = "Discount", "Discount", "{689F0986-908E-4741-9022-208FAE7101FA}"
EndProject
Project("{9A19103F-16F7-4668-BE54-9A1E7A4F7556}") = "Discount.API", "Services\Discount\Discount.API\Discount.API.csproj", "{4B2E04F7-09B3-4AF0-AC57-DAE96AD9E14A}"
EndProject
Project("{9A19103F-16F7-4668-BE54-9A1E7A4F7556}") = "Discount.Grpc", "Services\Discount\Discount.Grpc\Discount.Grpc.csproj", "{F6D4B6D7-7AED-4004-B1A6-8BEE4E364F88}"
EndProject
Global
	GlobalSection(SolutionConfigurationPlatforms) = preSolution
		Debug|Any CPU = Debug|Any CPU
		Release|Any CPU = Release|Any CPU
	EndGlobalSection
	GlobalSection(ProjectConfigurationPlatforms) = postSolution
		{02C457EB-59DA-463F-A782-E812590793DF}.Debug|Any CPU.ActiveCfg = Debug|Any CPU
		{02C457EB-59DA-463F-A782-E812590793DF}.Debug|Any CPU.Build.0 = Debug|Any CPU
		{02C457EB-59DA-463F-A782-E812590793DF}.Release|Any CPU.ActiveCfg = Release|Any CPU
		{02C457EB-59DA-463F-A782-E812590793DF}.Release|Any CPU.Build.0 = Release|Any CPU
		{C24980FB-F0CC-481B-8461-4A078078AB86}.Debug|Any CPU.ActiveCfg = Debug|Any CPU
		{C24980FB-F0CC-481B-8461-4A078078AB86}.Debug|Any CPU.Build.0 = Debug|Any CPU
		{C24980FB-F0CC-481B-8461-4A078078AB86}.Release|Any CPU.ActiveCfg = Release|Any CPU
		{C24980FB-F0CC-481B-8461-4A078078AB86}.Release|Any CPU.Build.0 = Release|Any CPU
		{CD8B98E3-8104-4C9A-B2ED-6C365D9EE438}.Debug|Any CPU.ActiveCfg = Debug|Any CPU
		{CD8B98E3-8104-4C9A-B2ED-6C365D9EE438}.Debug|Any CPU.Build.0 = Debug|Any CPU
		{CD8B98E3-8104-4C9A-B2ED-6C365D9EE438}.Release|Any CPU.ActiveCfg = Release|Any CPU
		{CD8B98E3-8104-4C9A-B2ED-6C365D9EE438}.Release|Any CPU.Build.0 = Release|Any CPU
		{4B2E04F7-09B3-4AF0-AC57-DAE96AD9E14A}.Debug|Any CPU.ActiveCfg = Debug|Any CPU
		{4B2E04F7-09B3-4AF0-AC57-DAE96AD9E14A}.Debug|Any CPU.Build.0 = Debug|Any CPU
		{4B2E04F7-09B3-4AF0-AC57-DAE96AD9E14A}.Release|Any CPU.ActiveCfg = Release|Any CPU
		{4B2E04F7-09B3-4AF0-AC57-DAE96AD9E14A}.Release|Any CPU.Build.0 = Release|Any CPU
		{F6D4B6D7-7AED-4004-B1A6-8BEE4E364F88}.Debug|Any CPU.ActiveCfg = Debug|Any CPU
		{F6D4B6D7-7AED-4004-B1A6-8BEE4E364F88}.Debug|Any CPU.Build.0 = Debug|Any CPU
		{F6D4B6D7-7AED-4004-B1A6-8BEE4E364F88}.Release|Any CPU.ActiveCfg = Release|Any CPU
		{F6D4B6D7-7AED-4004-B1A6-8BEE4E364F88}.Release|Any CPU.Build.0 = Release|Any CPU
	EndGlobalSection
	GlobalSection(SolutionProperties) = preSolution
		HideSolutionNode = FALSE
	EndGlobalSection
	GlobalSection(NestedProjects) = preSolution
		{B7578C5A-82E1-4C26-B04B-C9186F936DC2} = {40E7561A-4D53-4F43-9BF8-3E438731A55A}
		{02C457EB-59DA-463F-A782-E812590793DF} = {B7578C5A-82E1-4C26-B04B-C9186F936DC2}
		{34D863A8-5F22-4B7A-8656-6717C9435CC4} = {40E7561A-4D53-4F43-9BF8-3E438731A55A}
		{CD8B98E3-8104-4C9A-B2ED-6C365D9EE438} = {34D863A8-5F22-4B7A-8656-6717C9435CC4}
		{689F0986-908E-4741-9022-208FAE7101FA} = {40E7561A-4D53-4F43-9BF8-3E438731A55A}
		{4B2E04F7-09B3-4AF0-AC57-DAE96AD9E14A} = {689F0986-908E-4741-9022-208FAE7101FA}
		{F6D4B6D7-7AED-4004-B1A6-8BEE4E364F88} = {689F0986-908E-4741-9022-208FAE7101FA}
	EndGlobalSection
	GlobalSection(ExtensibilityGlobals) = postSolution
		SolutionGuid = {924979A4-13DB-41D5-B1F7-589D0BE4D908}
	EndGlobalSection
EndGlobal
